
Microsoft Visual Studio Solution File, Format Version 12.00
# Visual Studio Version 17
VisualStudioVersion = 17.6.33829.357
MinimumVisualStudioVersion = 10.0.40219.1
Project("{FAE04EC0-301F-11D3-BF4B-00C04F79EFBC}") = "Casgem_FourMilData", "Casgem_FourMilData\Casgem_FourMilData.csproj", "{4B38D00E-2CA5-493E-8B30-AEB9EC8DB83F}"
EndProject
Global
	GlobalSection(SolutionConfigurationPlatforms) = preSolution
		Debug|Any CPU = Debug|Any CPU
		Release|Any CPU = Release|Any CPU
	EndGlobalSection
	GlobalSection(ProjectConfigurationPlatforms) = postSolution
		{4B38D00E-2CA5-493E-8B30-AEB9EC8DB83F}.Debug|Any CPU.ActiveCfg = Debug|Any CPU
		{4B38D00E-2CA5-493E-8B30-AEB9EC8DB83F}.Debug|Any CPU.Build.0 = Debug|Any CPU
		{4B38D00E-2CA5-493E-8B30-AEB9EC8DB83F}.Release|Any CPU.ActiveCfg = Release|Any CPU
		{4B38D00E-2CA5-493E-8B30-AEB9EC8DB83F}.Release|Any CPU.Build.0 = Release|Any CPU
	EndGlobalSection
	GlobalSection(SolutionProperties) = preSolution
		HideSolutionNode = FALSE
	EndGlobalSection
	GlobalSection(ExtensibilityGlobals) = postSolution
		SolutionGuid = {3785FF7E-979A-44A3-B910-F7D1B4C80086}
	EndGlobalSection
EndGlobal
